
Microsoft Visual Studio Solution File, Format Version 12.00
# Visual Studio Version 16
VisualStudioVersion = 16.0.31911.196
MinimumVisualStudioVersion = 10.0.40219.1
Project("{FAE04EC0-301F-11D3-BF4B-00C04F79EFBC}") = "BinaryTree", "BinaryTree.csproj", "{F8A2161C-11F3-46F6-8A74-AF0B10CD182D}"
EndProject
Global
	GlobalSection(SolutionConfigurationPlatforms) = preSolution
		Debug|Any CPU = Debug|Any CPU
		Release|Any CPU = Release|Any CPU
	EndGlobalSection
	GlobalSection(ProjectConfigurationPlatforms) = postSolution
		{F8A2161C-11F3-46F6-8A74-AF0B10CD182D}.Debug|Any CPU.ActiveCfg = Debug|Any CPU
		{F8A2161C-11F3-46F6-8A74-AF0B10CD182D}.Debug|Any CPU.Build.0 = Debug|Any CPU
		{F8A2161C-11F3-46F6-8A74-AF0B10CD182D}.Release|Any CPU.ActiveCfg = Release|Any CPU
		{F8A2161C-11F3-46F6-8A74-AF0B10CD182D}.Release|Any CPU.Build.0 = Release|Any CPU
	EndGlobalSection
	GlobalSection(SolutionProperties) = preSolution
		HideSolutionNode = FALSE
	EndGlobalSection
	GlobalSection(ExtensibilityGlobals) = postSolution
		SolutionGuid = {29785EF3-F421-4317-8A91-BD76F2EAEA40}
	EndGlobalSection
EndGlobal
